// !$*UTF8*$!
{
	archiveVersion = 1;
	classes = {
	};
	objectVersion = 56;
	objects = {

/* Begin PBXBuildFile section */
		EE0000000000000000000001 /* BulkJobApplyApp.swift in Sources */ = {isa = PBXBuildFile; fileRef = DD0000000000000000000001 /* BulkJobApplyApp.swift */; };
		EE0000000000000000000002 /* ContentView.swift in Sources */ = {isa = PBXBuildFile; fileRef = DD0000000000000000000002 /* ContentView.swift */; };
		EE0000000000000000000003 /* JobOpportunity.swift in Sources */ = {isa = PBXBuildFile; fileRef = DD0000000000000000000003 /* JobOpportunity.swift */; };
		EE0000000000000000000004 /* UserProfile.swift in Sources */ = {isa = PBXBuildFile; fileRef = DD0000000000000000000004 /* UserProfile.swift */; };
		EE0000000000000000000005 /* JobApplication.swift in Sources */ = {isa = PBXBuildFile; fileRef = DD0000000000000000000005 /* JobApplication.swift */; };
		EE0000000000000000000006 /* AppStore.swift in Sources */ = {isa = PBXBuildFile; fileRef = DD0000000000000000000006 /* AppStore.swift */; };
		EE0000000000000000000007 /* JobsView.swift in Sources */ = {isa = PBXBuildFile; fileRef = DD0000000000000000000007 /* JobsView.swift */; };
		EE0000000000000000000008 /* AddJobView.swift in Sources */ = {isa = PBXBuildFile; fileRef = DD0000000000000000000008 /* AddJobView.swift */; };
		EE0000000000000000000009 /* BulkApplyView.swift in Sources */ = {isa = PBXBuildFile; fileRef = DD0000000000000000000009 /* BulkApplyView.swift */; };
		EE000000000000000000000A /* CoverLetterPreviewView.swift in Sources */ = {isa = PBXBuildFile; fileRef = DD000000000000000000000A /* CoverLetterPreviewView.swift */; };
		EE000000000000000000000B /* ApplicationsView.swift in Sources */ = {isa = PBXBuildFile; fileRef = DD000000000000000000000B /* ApplicationsView.swift */; };
		EE000000000000000000000C /* ApplicationDetailView.swift in Sources */ = {isa = PBXBuildFile; fileRef = DD000000000000000000000C /* ApplicationDetailView.swift */; };
		EE000000000000000000000D /* ProfileView.swift in Sources */ = {isa = PBXBuildFile; fileRef = DD000000000000000000000D /* ProfileView.swift */; };
		EE000000000000000000000E /* Assets.xcassets in Resources */ = {isa = PBXBuildFile; fileRef = DD000000000000000000000E /* Assets.xcassets */; };
		EE000000000000000000000F /* Preview Assets.xcassets in Resources */ = {isa = PBXBuildFile; fileRef = DD000000000000000000000F /* Preview Assets.xcassets */; };
/* End PBXBuildFile section */

/* Begin PBXFileReference section */
		CC0000000000000000000002 /* BulkJobApply.app */ = {isa = PBXFileReference; explicitFileType = wrapper.application; includeInIndex = 0; path = BulkJobApply.app; sourceTree = BUILT_PRODUCTS_DIR; };
		DD0000000000000000000001 /* BulkJobApplyApp.swift */ = {isa = PBXFileReference; lastKnownFileType = sourcecode.swift; path = BulkJobApplyApp.swift; sourceTree = "<group>"; };
		DD0000000000000000000002 /* ContentView.swift */ = {isa = PBXFileReference; lastKnownFileType = sourcecode.swift; path = ContentView.swift; sourceTree = "<group>"; };
		DD0000000000000000000003 /* JobOpportunity.swift */ = {isa = PBXFileReference; lastKnownFileType = sourcecode.swift; path = JobOpportunity.swift; sourceTree = "<group>"; };
		DD0000000000000000000004 /* UserProfile.swift */ = {isa = PBXFileReference; lastKnownFileType = sourcecode.swift; path = UserProfile.swift; sourceTree = "<group>"; };
		DD0000000000000000000005 /* JobApplication.swift */ = {isa = PBXFileReference; lastKnownFileType = sourcecode.swift; path = JobApplication.swift; sourceTree = "<group>"; };
		DD0000000000000000000006 /* AppStore.swift */ = {isa = PBXFileReference; lastKnownFileType = sourcecode.swift; path = AppStore.swift; sourceTree = "<group>"; };
		DD0000000000000000000007 /* JobsView.swift */ = {isa = PBXFileReference; lastKnownFileType = sourcecode.swift; path = JobsView.swift; sourceTree = "<group>"; };
		DD0000000000000000000008 /* AddJobView.swift */ = {isa = PBXFileReference; lastKnownFileType = sourcecode.swift; path = AddJobView.swift; sourceTree = "<group>"; };
		DD0000000000000000000009 /* BulkApplyView.swift */ = {isa = PBXFileReference; lastKnownFileType = sourcecode.swift; path = BulkApplyView.swift; sourceTree = "<group>"; };
		DD000000000000000000000A /* CoverLetterPreviewView.swift */ = {isa = PBXFileReference; lastKnownFileType = sourcecode.swift; path = CoverLetterPreviewView.swift; sourceTree = "<group>"; };
		DD000000000000000000000B /* ApplicationsView.swift */ = {isa = PBXFileReference; lastKnownFileType = sourcecode.swift; path = ApplicationsView.swift; sourceTree = "<group>"; };
		DD000000000000000000000C /* ApplicationDetailView.swift */ = {isa = PBXFileReference; lastKnownFileType = sourcecode.swift; path = ApplicationDetailView.swift; sourceTree = "<group>"; };
		DD000000000000000000000D /* ProfileView.swift */ = {isa = PBXFileReference; lastKnownFileType = sourcecode.swift; path = ProfileView.swift; sourceTree = "<group>"; };
		DD000000000000000000000E /* Assets.xcassets */ = {isa = PBXFileReference; lastKnownFileType = folder.assetcatalog; path = Assets.xcassets; sourceTree = "<group>"; };
		DD000000000000000000000F /* Preview Assets.xcassets */ = {isa = PBXFileReference; lastKnownFileType = folder.assetcatalog; path = "Preview Assets.xcassets"; sourceTree = "<group>"; };
/* End PBXFileReference section */

/* Begin PBXFrameworksBuildPhase section */
		FF0000000000000000000003 /* Frameworks */ = {
			isa = PBXFrameworksBuildPhase;
			buildActionMask = 2147483647;
			files = (
			);
			runOnlyForDeploymentPostprocessing = 0;
		};
/* End PBXFrameworksBuildPhase section */

/* Begin PBXGroup section */
		AA0000000000000000000001 /* BulkJobApply */ = {
			isa = PBXGroup;
			children = (
				DD0000000000000000000001 /* BulkJobApplyApp.swift */,
				DD0000000000000000000002 /* ContentView.swift */,
				AA0000000000000000000003 /* Models */,
				AA0000000000000000000004 /* Views */,
				DD000000000000000000000E /* Assets.xcassets */,
				AA0000000000000000000005 /* Preview Content */,
			);
			path = BulkJobApply;
			sourceTree = "<group>";
		};
		AA0000000000000000000002 /* Products */ = {
			isa = PBXGroup;
			children = (
				CC0000000000000000000002 /* BulkJobApply.app */,
			);
			name = Products;
			sourceTree = "<group>";
		};
		AA0000000000000000000003 /* Models */ = {
			isa = PBXGroup;
			children = (
				DD0000000000000000000003 /* JobOpportunity.swift */,
				DD0000000000000000000004 /* UserProfile.swift */,
				DD0000000000000000000005 /* JobApplication.swift */,
				DD0000000000000000000006 /* AppStore.swift */,
			);
			path = Models;
			sourceTree = "<group>";
		};
		AA0000000000000000000004 /* Views */ = {
			isa = PBXGroup;
			children = (
				DD0000000000000000000007 /* JobsView.swift */,
				DD0000000000000000000008 /* AddJobView.swift */,
				DD0000000000000000000009 /* BulkApplyView.swift */,
				DD000000000000000000000A /* CoverLetterPreviewView.swift */,
				DD000000000000000000000B /* ApplicationsView.swift */,
				DD000000000000000000000C /* ApplicationDetailView.swift */,
				DD000000000000000000000D /* ProfileView.swift */,
			);
			path = Views;
			sourceTree = "<group>";
		};
		AA0000000000000000000005 /* Preview Content */ = {
			isa = PBXGroup;
			children = (
				DD000000000000000000000F /* Preview Assets.xcassets */,
			);
			path = "Preview Content";
			sourceTree = "<group>";
		};
		AA0000000000000000000000 = {
			isa = PBXGroup;
			children = (
				AA0000000000000000000001 /* BulkJobApply */,
				AA0000000000000000000002 /* Products */,
			);
			sourceTree = "<group>";
		};
/* End PBXGroup section */

/* Begin PBXNativeTarget section */
		CC0000000000000000000001 /* BulkJobApply */ = {
			isa = PBXNativeTarget;
			buildConfigurationList = 220000000000000000000002 /* Build configuration list for PBXNativeTarget "BulkJobApply" */;
			buildPhases = (
				FF0000000000000000000001 /* Sources */,
				FF0000000000000000000002 /* Resources */,
				FF0000000000000000000003 /* Frameworks */,
			);
			buildRules = (
			);
			dependencies = (
			);
			name = BulkJobApply;
			productName = BulkJobApply;
			productReference = CC0000000000000000000002 /* BulkJobApply.app */;
			productType = "com.apple.product-type.application";
		};
/* End PBXNativeTarget section */

/* Begin PBXProject section */
		BB0000000000000000000001 /* Project object */ = {
			isa = PBXProject;
			attributes = {
				BuildIndependentTargetsInParallel = 1;
				LastSwiftUpdateCheck = 1500;
				LastUpgradeCheck = 1500;
				TargetAttributes = {
					CC0000000000000000000001 = {
						CreatedOnToolsVersion = 15.0;
					};
				};
			};
			buildConfigurationList = 220000000000000000000001 /* Build configuration list for PBXProject "BulkJobApply" */;
			compatibilityVersion = "Xcode 14.0";
			developmentRegion = en;
			hasScannedForEncodings = 0;
			knownRegions = (
				en,
				Base,
			);
			mainGroup = AA0000000000000000000000;
			productRefGroup = AA0000000000000000000002 /* Products */;
			projectDirPath = "";
			projectRoot = "";
			targets = (
				CC0000000000000000000001 /* BulkJobApply */,
			);
		};
/* End PBXProject section */

/* Begin PBXResourcesBuildPhase section */
		FF0000000000000000000002 /* Resources */ = {
			isa = PBXResourcesBuildPhase;
			buildActionMask = 2147483647;
			files = (
				EE000000000000000000000F /* Preview Assets.xcassets in Resources */,
				EE000000000000000000000E /* Assets.xcassets in Resources */,
			);
			runOnlyForDeploymentPostprocessing = 0;
		};
/* End PBXResourcesBuildPhase section */

/* Begin PBXSourcesBuildPhase section */
		FF0000000000000000000001 /* Sources */ = {
			isa = PBXSourcesBuildPhase;
			buildActionMask = 2147483647;
			files = (
				EE0000000000000000000001 /* BulkJobApplyApp.swift in Sources */,
				EE0000000000000000000002 /* ContentView.swift in Sources */,
				EE0000000000000000000003 /* JobOpportunity.swift in Sources */,
				EE0000000000000000000004 /* UserProfile.swift in Sources */,
				EE0000000000000000000005 /* JobApplication.swift in Sources */,
				EE0000000000000000000006 /* AppStore.swift in Sources */,
				EE0000000000000000000007 /* JobsView.swift in Sources */,
				EE0000000000000000000008 /* AddJobView.swift in Sources */,
				EE0000000000000000000009 /* BulkApplyView.swift in Sources */,
				EE000000000000000000000A /* CoverLetterPreviewView.swift in Sources */,
				EE000000000000000000000B /* ApplicationsView.swift in Sources */,
				EE000000000000000000000C /* ApplicationDetailView.swift in Sources */,
				EE000000000000000000000D /* ProfileView.swift in Sources */,
			);
			runOnlyForDeploymentPostprocessing = 0;
		};
/* End PBXSourcesBuildPhase section */

/* Begin XCBuildConfiguration section */
		110000000000000000000001 /* Debug */ = {
			isa = XCBuildConfiguration;
			buildSettings = {
				ALWAYS_SEARCH_USER_PATHS = NO;
				ASSETCATALOG_COMPILER_GENERATE_SWIFT_ASSET_SYMBOL_EXTENSIONS = YES;
				CLANG_ANALYZER_NONNULL = YES;
				CLANG_ANALYZER_NUMBER_OBJECT_CONVERSION = YES_AGGRESSIVE;
				CLANG_CXX_LANGUAGE_STANDARD = "gnu++20";
				CLANG_ENABLE_MODULES = YES;
				CLANG_ENABLE_OBJC_ARC = YES;
				CLANG_ENABLE_OBJC_WEAK = YES;
				CLANG_WARN_BLOCK_CAPTURE_AUTORELEASING = YES;
				CLANG_WARN_BOOL_CONVERSION = YES;
				CLANG_WARN_COMMA = YES;
				CLANG_WARN_CONSTANT_CONVERSION = YES;
				CLANG_WARN_DEPRECATED_OBJC_IMPLEMENTATIONS = YES;
				CLANG_WARN_DIRECT_OBJC_ISA_USAGE = YES_ERROR;
				CLANG_WARN_DOCUMENTATION_COMMENTS = YES;
				CLANG_WARN_EMPTY_BODY = YES;
				CLANG_WARN_ENUM_CONVERSION = YES;
				CLANG_WARN_INFINITE_RECURSION = YES;
				CLANG_WARN_INT_CONVERSION = YES;
				CLANG_WARN_NON_LITERAL_NULL_CONVERSION = YES;
				CLANG_WARN_OBJC_IMPLICIT_RETAIN_SELF = YES;
				CLANG_WARN_OBJC_LITERAL_CONVERSION = YES;
				CLANG_WARN_OBJC_ROOT_CLASS = YES_ERROR;
				CLANG_WARN_QUOTED_INCLUDE_IN_FRAMEWORK_HEADER = YES;
				CLANG_WARN_RANGE_LOOP_ANALYSIS = YES;
				CLANG_WARN_STRICT_PROTOTYPES = YES;
				CLANG_WARN_SUSPICIOUS_MOVE = YES;
				CLANG_WARN_UNGUARDED_AVAILABILITY = YES_AGGRESSIVE;
				CLANG_WARN_UNREACHABLE_CODE = YES;
				CLANG_WARN__DUPLICATE_METHOD_MATCH = YES;
				COPY_PHASE_STRIP = NO;
				DEBUG_INFORMATION_FORMAT = dwarf;
				ENABLE_STRICT_OBJC_MSGSEND = YES;
				ENABLE_TESTABILITY = YES;
				ENABLE_USER_SCRIPT_SANDBOXING = YES;
				GCC_C_LANGUAGE_STANDARD = gnu17;
				GCC_DYNAMIC_NO_PIC = NO;
				GCC_NO_COMMON_BLOCKS = YES;
				GCC_OPTIMIZATION_LEVEL = 0;
				GCC_PREPROCESSOR_DEFINITIONS = (
					"DEBUG=1",
					"$(inherited)",
				);
				GCC_WARN_64_TO_32_BIT_CONVERSION = YES;
				GCC_WARN_ABOUT_RETURN_TYPE = YES_ERROR;
				GCC_WARN_UNDECLARED_SELECTOR = YES;
				GCC_WARN_UNINITIALIZED_AUTOS = YES_AGGRESSIVE;
				GCC_WARN_UNUSED_FUNCTION = YES;
				GCC_WARN_UNUSED_VARIABLE = YES;
				IPHONEOS_DEPLOYMENT_TARGET = 16.0;
				MTL_ENABLE_DEBUG_INFO = INCLUDE_SOURCE;
				MTL_FAST_MATH = YES;
				ONLY_ACTIVE_ARCH = YES;
				SDKROOT = iphoneos;
				SWIFT_ACTIVE_COMPILATION_CONDITIONS = DEBUG;
				SWIFT_OPTIMIZATION_LEVEL = "-Onone";
			};
			name = Debug;
		};
		110000000000000000000002 /* Release */ = {
			isa = XCBuildConfiguration;
			buildSettings = {
				ALWAYS_SEARCH_USER_PATHS = NO;
				ASSETCATALOG_COMPILER_GENERATE_SWIFT_ASSET_SYMBOL_EXTENSIONS = YES;
				CLANG_ANALYZER_NONNULL = YES;
				CLANG_ANALYZER_NUMBER_OBJECT_CONVERSION = YES_AGGRESSIVE;
				CLANG_CXX_LANGUAGE_STANDARD = "gnu++20";
				CLANG_ENABLE_MODULES = YES;
				CLANG_ENABLE_OBJC_ARC = YES;
				CLANG_ENABLE_OBJC_WEAK = YES;
				CLANG_WARN_BLOCK_CAPTURE_AUTORELEASING = YES;
				CLANG_WARN_BOOL_CONVERSION = YES;
				CLANG_WARN_COMMA = YES;
				CLANG_WARN_CONSTANT_CONVERSION = YES;
				CLANG_WARN_DEPRECATED_OBJC_IMPLEMENTATIONS = YES;
				CLANG_WARN_DIRECT_OBJC_ISA_USAGE = YES_ERROR;
				CLANG_WARN_DOCUMENTATION_COMMENTS = YES;
				CLANG_WARN_EMPTY_BODY = YES;
				CLANG_WARN_ENUM_CONVERSION = YES;
				CLANG_WARN_INFINITE_RECURSION = YES;
				CLANG_WARN_INT_CONVERSION = YES;
				CLANG_WARN_NON_LITERAL_NULL_CONVERSION = YES;
				CLANG_WARN_OBJC_IMPLICIT_RETAIN_SELF = YES;
				CLANG_WARN_OBJC_LITERAL_CONVERSION = YES;
				CLANG_WARN_OBJC_ROOT_CLASS = YES_ERROR;
				CLANG_WARN_QUOTED_INCLUDE_IN_FRAMEWORK_HEADER = YES;
				CLANG_WARN_RANGE_LOOP_ANALYSIS = YES;
				CLANG_WARN_STRICT_PROTOTYPES = YES;
				CLANG_WARN_SUSPICIOUS_MOVE = YES;
				CLANG_WARN_UNGUARDED_AVAILABILITY = YES_AGGRESSIVE;
				CLANG_WARN_UNREACHABLE_CODE = YES;
				CLANG_WARN__DUPLICATE_METHOD_MATCH = YES;
				COPY_PHASE_STRIP = NO;
				DEBUG_INFORMATION_FORMAT = "dwarf-with-dsym";
				ENABLE_NS_ASSERTIONS = NO;
				ENABLE_STRICT_OBJC_MSGSEND = YES;
				ENABLE_USER_SCRIPT_SANDBOXING = YES;
				GCC_C_LANGUAGE_STANDARD = gnu17;
				GCC_NO_COMMON_BLOCKS = YES;
				GCC_WARN_64_TO_32_BIT_CONVERSION = YES;
				GCC_WARN_ABOUT_RETURN_TYPE = YES_ERROR;
				GCC_WARN_UNDECLARED_SELECTOR = YES;
				GCC_WARN_UNINITIALIZED_AUTOS = YES_AGGRESSIVE;
				GCC_WARN_UNUSED_FUNCTION = YES;
				GCC_WARN_UNUSED_VARIABLE = YES;
				IPHONEOS_DEPLOYMENT_TARGET = 16.0;
				MTL_FAST_MATH = YES;
				SDKROOT = iphoneos;
				SWIFT_COMPILATION_MODE = wholemodule;
				SWIFT_OPTIMIZATION_LEVEL = "-O";
				VALIDATE_PRODUCT = YES;
			};
			name = Release;
		};
		110000000000000000000003 /* Debug */ = {
			isa = XCBuildConfiguration;
			buildSettings = {
				ASSETCATALOG_COMPILER_APPICON_NAME = AppIcon;
				ASSETCATALOG_COMPILER_GLOBAL_ACCENT_COLOR_NAME = AccentColor;
				CODE_SIGN_STYLE = Automatic;
				CURRENT_PROJECT_VERSION = 1;
				DEVELOPMENT_ASSET_PATHS = "\"BulkJobApply/Preview Content\"";
				ENABLE_PREVIEWS = YES;
				GENERATE_INFOPLIST_FILE = YES;
				INFOPLIST_KEY_UIApplicationSceneManifest_Generation = YES;
				INFOPLIST_KEY_UIApplicationSupportsIndirectInputEvents = YES;
				INFOPLIST_KEY_UILaunchScreen_Generation = YES;
				INFOPLIST_KEY_UISupportedInterfaceOrientations_iPhone = "UIInterfaceOrientationPortrait UIInterfaceOrientationLandscapeLeft UIInterfaceOrientationLandscapeRight";
				LD_RUNPATH_SEARCH_PATHS = (
					"$(inherited)",
					"@executable_path/Frameworks",
				);
				MARKETING_VERSION = 1.0;
				PRODUCT_BUNDLE_IDENTIFIER = com.example.BulkJobApply;
				PRODUCT_NAME = "$(TARGET_NAME)";
				SWIFT_EMIT_LOC_STRINGS = YES;
				SWIFT_VERSION = 5.0;
				TARGETED_DEVICE_FAMILY = 1;
			};
			name = Debug;
		};
		110000000000000000000004 /* Release */ = {
			isa = XCBuildConfiguration;
			buildSettings = {
				ASSETCATALOG_COMPILER_APPICON_NAME = AppIcon;
				ASSETCATALOG_COMPILER_GLOBAL_ACCENT_COLOR_NAME = AccentColor;
				CODE_SIGN_STYLE = Automatic;
				CURRENT_PROJECT_VERSION = 1;
				DEVELOPMENT_ASSET_PATHS = "\"BulkJobApply/Preview Content\"";
				ENABLE_PREVIEWS = YES;
				GENERATE_INFOPLIST_FILE = YES;
				INFOPLIST_KEY_UIApplicationSceneManifest_Generation = YES;
				INFOPLIST_KEY_UIApplicationSupportsIndirectInputEvents = YES;
				INFOPLIST_KEY_UILaunchScreen_Generation = YES;
				INFOPLIST_KEY_UISupportedInterfaceOrientations_iPhone = "UIInterfaceOrientationPortrait UIInterfaceOrientationLandscapeLeft UIInterfaceOrientationLandscapeRight";
				LD_RUNPATH_SEARCH_PATHS = (
					"$(inherited)",
					"@executable_path/Frameworks",
				);
				MARKETING_VERSION = 1.0;
				PRODUCT_BUNDLE_IDENTIFIER = com.example.BulkJobApply;
				PRODUCT_NAME = "$(TARGET_NAME)";
				SWIFT_EMIT_LOC_STRINGS = YES;
				SWIFT_VERSION = 5.0;
				TARGETED_DEVICE_FAMILY = 1;
			};
			name = Release;
		};
/* End XCBuildConfiguration section */

/* Begin XCConfigurationList section */
		220000000000000000000001 /* Build configuration list for PBXProject "BulkJobApply" */ = {
			isa = XCConfigurationList;
			buildConfigurations = (
				110000000000000000000001 /* Debug */,
				110000000000000000000002 /* Release */,
			);
			defaultConfigurationIsVisible = 0;
			defaultConfigurationName = Release;
		};
		220000000000000000000002 /* Build configuration list for PBXNativeTarget "BulkJobApply" */ = {
			isa = XCConfigurationList;
			buildConfigurations = (
				110000000000000000000003 /* Debug */,
				110000000000000000000004 /* Release */,
			);
			defaultConfigurationIsVisible = 0;
			defaultConfigurationName = Release;
		};
/* End XCConfigurationList section */

	};
	rootObject = BB0000000000000000000001 /* Project object */;
}
