// !$*UTF8*$!
{
	archiveVersion = 1;
	classes = {
	};
	objectVersion = 56;
	objects = {

/* Begin PBXBuildFile section */
		AA000001 /* ScrapbookAppApp.swift in Sources */ = {isa = PBXBuildFile; fileRef = AB000001 /* ScrapbookAppApp.swift */; };
		AA000002 /* ContentView.swift in Sources */ = {isa = PBXBuildFile; fileRef = AB000002 /* ContentView.swift */; };
		AA000003 /* Scrapbook.swift in Sources */ = {isa = PBXBuildFile; fileRef = AB000003 /* Scrapbook.swift */; };
		AA000004 /* ScrapbookPage.swift in Sources */ = {isa = PBXBuildFile; fileRef = AB000004 /* ScrapbookPage.swift */; };
		AA000005 /* ScrapbookUser.swift in Sources */ = {isa = PBXBuildFile; fileRef = AB000005 /* ScrapbookUser.swift */; };
		AA000006 /* ScrapbookStore.swift in Sources */ = {isa = PBXBuildFile; fileRef = AB000006 /* ScrapbookStore.swift */; };
		AA000007 /* HomeView.swift in Sources */ = {isa = PBXBuildFile; fileRef = AB000007 /* HomeView.swift */; };
		AA000008 /* ScrapbookDetailView.swift in Sources */ = {isa = PBXBuildFile; fileRef = AB000008 /* ScrapbookDetailView.swift */; };
		AA000009 /* PageCanvasView.swift in Sources */ = {isa = PBXBuildFile; fileRef = AB000009 /* PageCanvasView.swift */; };
		AA000010 /* PhotoPickerView.swift in Sources */ = {isa = PBXBuildFile; fileRef = AB000010 /* PhotoPickerView.swift */; };
		AA000011 /* InviteView.swift in Sources */ = {isa = PBXBuildFile; fileRef = AB000011 /* InviteView.swift */; };
		AA000012 /* PrintPreviewView.swift in Sources */ = {isa = PBXBuildFile; fileRef = AB000012 /* PrintPreviewView.swift */; };
		AA000013 /* Assets.xcassets in Resources */ = {isa = PBXBuildFile; fileRef = AB000013 /* Assets.xcassets */; };
		AA000014 /* ScrapbookLogoView.swift in Sources */ = {isa = PBXBuildFile; fileRef = AB000015 /* ScrapbookLogoView.swift */; };
		AA000015 /* PageTemplate.swift in Sources */ = {isa = PBXBuildFile; fileRef = AB000016 /* PageTemplate.swift */; };
		AA000016 /* TemplatePickerView.swift in Sources */ = {isa = PBXBuildFile; fileRef = AB000017 /* TemplatePickerView.swift */; };
/* End PBXBuildFile section */

/* Begin PBXFileReference section */
		AB000000 /* ScrapbookApp.app */ = {isa = PBXFileReference; explicitFileType = wrapper.application; includeInIndex = 0; path = ScrapbookApp.app; sourceTree = BUILT_PRODUCTS_DIR; };
		AB000001 /* ScrapbookAppApp.swift */ = {isa = PBXFileReference; lastKnownFileType = sourcecode.swift; path = ScrapbookAppApp.swift; sourceTree = "<group>"; };
		AB000002 /* ContentView.swift */ = {isa = PBXFileReference; lastKnownFileType = sourcecode.swift; path = ContentView.swift; sourceTree = "<group>"; };
		AB000003 /* Scrapbook.swift */ = {isa = PBXFileReference; lastKnownFileType = sourcecode.swift; path = Scrapbook.swift; sourceTree = "<group>"; };
		AB000004 /* ScrapbookPage.swift */ = {isa = PBXFileReference; lastKnownFileType = sourcecode.swift; path = ScrapbookPage.swift; sourceTree = "<group>"; };
		AB000005 /* ScrapbookUser.swift */ = {isa = PBXFileReference; lastKnownFileType = sourcecode.swift; path = ScrapbookUser.swift; sourceTree = "<group>"; };
		AB000006 /* ScrapbookStore.swift */ = {isa = PBXFileReference; lastKnownFileType = sourcecode.swift; path = ScrapbookStore.swift; sourceTree = "<group>"; };
		AB000007 /* HomeView.swift */ = {isa = PBXFileReference; lastKnownFileType = sourcecode.swift; path = HomeView.swift; sourceTree = "<group>"; };
		AB000008 /* ScrapbookDetailView.swift */ = {isa = PBXFileReference; lastKnownFileType = sourcecode.swift; path = ScrapbookDetailView.swift; sourceTree = "<group>"; };
		AB000009 /* PageCanvasView.swift */ = {isa = PBXFileReference; lastKnownFileType = sourcecode.swift; path = PageCanvasView.swift; sourceTree = "<group>"; };
		AB000010 /* PhotoPickerView.swift */ = {isa = PBXFileReference; lastKnownFileType = sourcecode.swift; path = PhotoPickerView.swift; sourceTree = "<group>"; };
		AB000011 /* InviteView.swift */ = {isa = PBXFileReference; lastKnownFileType = sourcecode.swift; path = InviteView.swift; sourceTree = "<group>"; };
		AB000012 /* PrintPreviewView.swift */ = {isa = PBXFileReference; lastKnownFileType = sourcecode.swift; path = PrintPreviewView.swift; sourceTree = "<group>"; };
		AB000013 /* Assets.xcassets */ = {isa = PBXFileReference; lastKnownFileType = folder.assetcatalog; path = Assets.xcassets; sourceTree = "<group>"; };
		AB000014 /* Info.plist */ = {isa = PBXFileReference; lastKnownFileType = text.plist.xml; path = Info.plist; sourceTree = "<group>"; };
		AB000015 /* ScrapbookLogoView.swift */ = {isa = PBXFileReference; lastKnownFileType = sourcecode.swift; path = ScrapbookLogoView.swift; sourceTree = "<group>"; };
		AB000016 /* PageTemplate.swift */ = {isa = PBXFileReference; lastKnownFileType = sourcecode.swift; path = PageTemplate.swift; sourceTree = "<group>"; };
		AB000017 /* TemplatePickerView.swift */ = {isa = PBXFileReference; lastKnownFileType = sourcecode.swift; path = TemplatePickerView.swift; sourceTree = "<group>"; };
/* End PBXFileReference section */

/* Begin PBXGroup section */
		AC000001 /* Products */ = {
			isa = PBXGroup;
			children = (
				AB000000 /* ScrapbookApp.app */,
			);
			name = Products;
			sourceTree = "<group>";
		};
		AC000002 /* ScrapbookApp */ = {
			isa = PBXGroup;
			children = (
				AB000001 /* ScrapbookAppApp.swift */,
				AB000002 /* ContentView.swift */,
				AC000003 /* Models */,
				AC000004 /* ViewModels */,
				AC000005 /* Views */,
				AC000006 /* Resources */,
			);
			path = ScrapbookApp;
			sourceTree = "<group>";
		};
		AC000003 /* Models */ = {
			isa = PBXGroup;
			children = (
				AB000003 /* Scrapbook.swift */,
				AB000004 /* ScrapbookPage.swift */,
				AB000005 /* ScrapbookUser.swift */,
				AB000016 /* PageTemplate.swift */,
			);
			path = Models;
			sourceTree = "<group>";
		};
		AC000004 /* ViewModels */ = {
			isa = PBXGroup;
			children = (
				AB000006 /* ScrapbookStore.swift */,
			);
			path = ViewModels;
			sourceTree = "<group>";
		};
		AC000005 /* Views */ = {
			isa = PBXGroup;
			children = (
				AB000007 /* HomeView.swift */,
				AB000008 /* ScrapbookDetailView.swift */,
				AB000009 /* PageCanvasView.swift */,
				AB000010 /* PhotoPickerView.swift */,
				AB000011 /* InviteView.swift */,
				AB000012 /* PrintPreviewView.swift */,
				AB000015 /* ScrapbookLogoView.swift */,
				AB000017 /* TemplatePickerView.swift */,
			);
			path = Views;
			sourceTree = "<group>";
		};
		AC000006 /* Resources */ = {
			isa = PBXGroup;
			children = (
				AB000013 /* Assets.xcassets */,
				AB000014 /* Info.plist */,
			);
			path = Resources;
			sourceTree = "<group>";
		};
		AC000000 /* root */ = {
			isa = PBXGroup;
			children = (
				AC000002 /* ScrapbookApp */,
				AC000001 /* Products */,
			);
			sourceTree = "<group>";
		};
/* End PBXGroup section */

/* Begin PBXNativeTarget section */
		AD000001 /* ScrapbookApp */ = {
			isa = PBXNativeTarget;
			buildConfigurationList = AE000002 /* Build configuration list for PBXNativeTarget "ScrapbookApp" */;
			buildPhases = (
				AF000001 /* Sources */,
				AF000002 /* Resources */,
				AF000003 /* Frameworks */,
			);
			buildRules = (
			);
			dependencies = (
			);
			name = ScrapbookApp;
			productName = ScrapbookApp;
			productReference = AB000000 /* ScrapbookApp.app */;
			productType = "com.apple.product-type.application";
		};
/* End PBXNativeTarget section */

/* Begin PBXProject section */
		AD000000 /* Project object */ = {
			isa = PBXProject;
			attributes = {
				BuildIndependentTargetsInParallel = 1;
				LastSwiftUpdateCheck = 1500;
				LastUpgradeCheck = 1500;
				TargetAttributes = {
					AD000001 = {
						CreatedOnToolsVersion = 15.0;
					};
				};
			};
			buildConfigurationList = AE000001 /* Build configuration list for PBXProject "ScrapbookApp" */;
			compatibilityVersion = "Xcode 14.0";
			developmentRegion = en;
			hasScannedForEncodings = 0;
			knownRegions = (
				en,
				Base,
			);
			mainGroup = AC000000 /* root */;
			productRefGroup = AC000001 /* Products */;
			projectDirPath = "";
			projectRoot = "";
			targets = (
				AD000001 /* ScrapbookApp */,
			);
		};
/* End PBXProject section */

/* Begin PBXResourcesBuildPhase section */
		AF000002 /* Resources */ = {
			isa = PBXResourcesBuildPhase;
			buildActionMask = 2147483647;
			files = (
				AA000013 /* Assets.xcassets in Resources */,
			);
			runOnlyForDeploymentPostprocessing = 0;
		};
/* End PBXResourcesBuildPhase section */

/* Begin PBXSourcesBuildPhase section */
		AF000001 /* Sources */ = {
			isa = PBXSourcesBuildPhase;
			buildActionMask = 2147483647;
			files = (
				AA000001 /* ScrapbookAppApp.swift in Sources */,
				AA000002 /* ContentView.swift in Sources */,
				AA000003 /* Scrapbook.swift in Sources */,
				AA000004 /* ScrapbookPage.swift in Sources */,
				AA000005 /* ScrapbookUser.swift in Sources */,
				AA000006 /* ScrapbookStore.swift in Sources */,
				AA000007 /* HomeView.swift in Sources */,
				AA000008 /* ScrapbookDetailView.swift in Sources */,
				AA000009 /* PageCanvasView.swift in Sources */,
				AA000010 /* PhotoPickerView.swift in Sources */,
				AA000011 /* InviteView.swift in Sources */,
				AA000012 /* PrintPreviewView.swift in Sources */,
				AA000014 /* ScrapbookLogoView.swift in Sources */,
				AA000015 /* PageTemplate.swift in Sources */,
				AA000016 /* TemplatePickerView.swift in Sources */,
			);
			runOnlyForDeploymentPostprocessing = 0;
		};
/* End PBXSourcesBuildPhase section */

/* Begin PBXFrameworksBuildPhase section */
		AF000003 /* Frameworks */ = {
			isa = PBXFrameworksBuildPhase;
			buildActionMask = 2147483647;
			files = (
			);
			runOnlyForDeploymentPostprocessing = 0;
		};
/* End PBXFrameworksBuildPhase section */

/* Begin XCBuildConfiguration section */
		AE000003 /* Debug */ = {
			isa = XCBuildConfiguration;
			buildSettings = {
				ALWAYS_SEARCH_USER_PATHS = NO;
				CLANG_ANALYZER_NONNULL = YES;
				CLANG_ANALYZER_NUMBER_OBJECT_CONVERSION = YES_AGGRESSIVE;
				CLANG_CXX_LANGUAGE_STANDARD = "gnu++20";
				CLANG_ENABLE_MODULES = YES;
				CLANG_ENABLE_OBJC_ARC = YES;
				CLANG_ENABLE_OBJC_WEAK = YES;
				CLANG_WARN_BLOCK_CAPTURE_AUTORELEASING = YES;
				CLANG_WARN_BOOL_CONVERSION = YES;
				CLANG_WARN_COMMA = YES;
				CLANG_WARN_CONSTANT_CONVERSION = YES;
				CLANG_WARN_DEPRECATED_OBJC_IMPLEMENTATIONS = YES;
				CLANG_WARN_DIRECT_OBJC_ISA_USAGE = YES_ERROR;
				CLANG_WARN_DOCUMENTATION_COMMENTS = YES;
				CLANG_WARN_EMPTY_BODY = YES;
				CLANG_WARN_ENUM_CONVERSION = YES;
				CLANG_WARN_INFINITE_RECURSION = YES;
				CLANG_WARN_INT_CONVERSION = YES;
				CLANG_WARN_NON_LITERAL_NULL_CONVERSION = YES;
				CLANG_WARN_OBJC_IMPLICIT_RETAIN_CYCLE = YES;
				CLANG_WARN_OBJC_LITERAL_CONVERSION = YES;
				CLANG_WARN_OBJC_ROOT_CLASS = YES_ERROR;
				CLANG_WARN_QUOTED_INCLUDE_IN_FRAMEWORK_HEADER = YES;
				CLANG_WARN_RANGE_LOOP_ANALYSIS = YES;
				CLANG_WARN_STRICT_PROTOTYPES = YES;
				CLANG_WARN_SUSPICIOUS_MOVE = YES;
				CLANG_WARN_UNGUARDED_AVAILABILITY = YES_AGGRESSIVE;
				CLANG_WARN_UNREACHABLE_CODE = YES;
				CLANG_WARN__DUPLICATE_METHOD_MATCH = YES;
				COPY_PHASE_STRIP = NO;
				DEBUG_INFORMATION_FORMAT = dwarf;
				ENABLE_STRICT_OBJC_MSGSEND = YES;
				ENABLE_TESTABILITY = YES;
				GCC_C_LANGUAGE_STANDARD = gnu17;
				GCC_DYNAMIC_NO_PIC = NO;
				GCC_NO_COMMON_BLOCKS = YES;
				GCC_OPTIMIZATION_LEVEL = 0;
				GCC_PREPROCESSOR_DEFINITIONS = (
					"DEBUG=1",
					"$(inherited)",
				);
				GCC_WARN_64_TO_32_BIT_CONVERSION = YES;
				GCC_WARN_ABOUT_RETURN_TYPE = YES_ERROR;
				GCC_WARN_UNDECLARED_SELECTOR = YES;
				GCC_WARN_UNINITIALIZED_AUTOS = YES_AGGRESSIVE;
				GCC_WARN_UNUSED_FUNCTION = YES;
				GCC_WARN_UNUSED_VARIABLE = YES;
				IPHONEOS_DEPLOYMENT_TARGET = 17.0;
				MTL_ENABLE_DEBUG_INFO = INCLUDE_SOURCE;
				MTL_FAST_MATH = YES;
				ONLY_ACTIVE_ARCH = YES;
				SDKROOT = iphoneos;
				SWIFT_ACTIVE_COMPILATION_CONDITIONS = DEBUG;
				SWIFT_OPTIMIZATION_LEVEL = "-Onone";
			};
			name = Debug;
		};
		AE000004 /* Release */ = {
			isa = XCBuildConfiguration;
			buildSettings = {
				ALWAYS_SEARCH_USER_PATHS = NO;
				CLANG_ANALYZER_NONNULL = YES;
				CLANG_ANALYZER_NUMBER_OBJECT_CONVERSION = YES_AGGRESSIVE;
				CLANG_CXX_LANGUAGE_STANDARD = "gnu++20";
				CLANG_ENABLE_MODULES = YES;
				CLANG_ENABLE_OBJC_ARC = YES;
				CLANG_ENABLE_OBJC_WEAK = YES;
				CLANG_WARN_BLOCK_CAPTURE_AUTORELEASING = YES;
				CLANG_WARN_BOOL_CONVERSION = YES;
				CLANG_WARN_COMMA = YES;
				CLANG_WARN_CONSTANT_CONVERSION = YES;
				CLANG_WARN_DEPRECATED_OBJC_IMPLEMENTATIONS = YES;
				CLANG_WARN_DIRECT_OBJC_ISA_USAGE = YES_ERROR;
				CLANG_WARN_DOCUMENTATION_COMMENTS = YES;
				CLANG_WARN_EMPTY_BODY = YES;
				CLANG_WARN_ENUM_CONVERSION = YES;
				CLANG_WARN_INFINITE_RECURSION = YES;
				CLANG_WARN_INT_CONVERSION = YES;
				CLANG_WARN_NON_LITERAL_NULL_CONVERSION = YES;
				CLANG_WARN_OBJC_IMPLICIT_RETAIN_CYCLE = YES;
				CLANG_WARN_OBJC_LITERAL_CONVERSION = YES;
				CLANG_WARN_OBJC_ROOT_CLASS = YES_ERROR;
				CLANG_WARN_QUOTED_INCLUDE_IN_FRAMEWORK_HEADER = YES;
				CLANG_WARN_RANGE_LOOP_ANALYSIS = YES;
				CLANG_WARN_STRICT_PROTOTYPES = YES;
				CLANG_WARN_SUSPICIOUS_MOVE = YES;
				CLANG_WARN_UNGUARDED_AVAILABILITY = YES_AGGRESSIVE;
				CLANG_WARN_UNREACHABLE_CODE = YES;
				CLANG_WARN__DUPLICATE_METHOD_MATCH = YES;
				COPY_PHASE_STRIP = NO;
				DEBUG_INFORMATION_FORMAT = "dwarf-with-dsym";
				ENABLE_NS_ASSERTIONS = NO;
				ENABLE_STRICT_OBJC_MSGSEND = YES;
				GCC_C_LANGUAGE_STANDARD = gnu17;
				GCC_NO_COMMON_BLOCKS = YES;
				GCC_WARN_64_TO_32_BIT_CONVERSION = YES;
				GCC_WARN_ABOUT_RETURN_TYPE = YES_ERROR;
				GCC_WARN_UNDECLARED_SELECTOR = YES;
				GCC_WARN_UNINITIALIZED_AUTOS = YES_AGGRESSIVE;
				GCC_WARN_UNUSED_FUNCTION = YES;
				GCC_WARN_UNUSED_VARIABLE = YES;
				IPHONEOS_DEPLOYMENT_TARGET = 17.0;
				MTL_ENABLE_DEBUG_INFO = NO;
				MTL_FAST_MATH = YES;
				SDKROOT = iphoneos;
				SWIFT_COMPILATION_MODE = wholemodule;
				SWIFT_OPTIMIZATION_LEVEL = "-O";
				VALIDATE_PRODUCT = YES;
			};
			name = Release;
		};
		AE000005 /* Debug */ = {
			isa = XCBuildConfiguration;
			buildSettings = {
				ASSETCATALOG_COMPILER_APPICON_NAME = AppIcon;
				ASSETCATALOG_COMPILER_GLOBAL_ACCENT_COLOR_NAME = AccentColor;
				CODE_SIGN_STYLE = Automatic;
				CURRENT_PROJECT_VERSION = 1;
				DEVELOPMENT_ASSET_PATHS = "";
				ENABLE_PREVIEWS = YES;
				GENERATE_INFOPLIST_FILE = NO;
				INFOPLIST_FILE = ScrapbookApp/Resources/Info.plist;
				IPHONEOS_DEPLOYMENT_TARGET = 17.0;
				LD_RUNPATH_SEARCH_PATHS = (
					"$(inherited)",
					"@executable_path/Frameworks",
				);
				MARKETING_VERSION = 1.0;
				PRODUCT_BUNDLE_IDENTIFIER = com.scrapbookapp.ScrapbookApp;
				PRODUCT_NAME = "$(TARGET_NAME)";
				SWIFT_EMIT_LOC_STRINGS = YES;
				SWIFT_VERSION = 5.0;
				TARGETED_DEVICE_FAMILY = 1;
			};
			name = Debug;
		};
		AE000006 /* Release */ = {
			isa = XCBuildConfiguration;
			buildSettings = {
				ASSETCATALOG_COMPILER_APPICON_NAME = AppIcon;
				ASSETCATALOG_COMPILER_GLOBAL_ACCENT_COLOR_NAME = AccentColor;
				CODE_SIGN_STYLE = Automatic;
				CURRENT_PROJECT_VERSION = 1;
				DEVELOPMENT_ASSET_PATHS = "";
				ENABLE_PREVIEWS = YES;
				GENERATE_INFOPLIST_FILE = NO;
				INFOPLIST_FILE = ScrapbookApp/Resources/Info.plist;
				IPHONEOS_DEPLOYMENT_TARGET = 17.0;
				LD_RUNPATH_SEARCH_PATHS = (
					"$(inherited)",
					"@executable_path/Frameworks",
				);
				MARKETING_VERSION = 1.0;
				PRODUCT_BUNDLE_IDENTIFIER = com.scrapbookapp.ScrapbookApp;
				PRODUCT_NAME = "$(TARGET_NAME)";
				SWIFT_EMIT_LOC_STRINGS = YES;
				SWIFT_VERSION = 5.0;
				TARGETED_DEVICE_FAMILY = 1;
			};
			name = Release;
		};
/* End XCBuildConfiguration section */

/* Begin XCConfigurationList section */
		AE000001 /* Build configuration list for PBXProject "ScrapbookApp" */ = {
			isa = XCConfigurationList;
			buildConfigurations = (
				AE000003 /* Debug */,
				AE000004 /* Release */,
			);
			defaultConfigurationIsVisible = 0;
			defaultConfigurationName = Release;
		};
		AE000002 /* Build configuration list for PBXNativeTarget "ScrapbookApp" */ = {
			isa = XCConfigurationList;
			buildConfigurations = (
				AE000005 /* Debug */,
				AE000006 /* Release */,
			);
			defaultConfigurationIsVisible = 0;
			defaultConfigurationName = Release;
		};
/* End XCConfigurationList section */

	};
	rootObject = AD000000 /* Project object */;
}
